
Microsoft Visual Studio Solution File, Format Version 12.00
# Visual Studio Version 16
VisualStudioVersion = 16.0.32228.343
MinimumVisualStudioVersion = 10.0.40219.1
Project("{FAE04EC0-301F-11D3-BF4B-00C04F79EFBC}") = "WebForm", "WebForm\WebForm.csproj", "{34907FF5-BCB7-4493-BC46-533E9DADCBB1}"
	ProjectSection(ProjectDependencies) = postProject
		{B48BD485-09D5-4990-9E8A-C2C5E69EF799} = {B48BD485-09D5-4990-9E8A-C2C5E69EF799}
	EndProjectSection
EndProject
Project("{FAE04EC0-301F-11D3-BF4B-00C04F79EFBC}") = "WebService", "WebService\WebService.csproj", "{B48BD485-09D5-4990-9E8A-C2C5E69EF799}"
EndProject
Project("{2150E333-8FDC-42A3-9474-1A3956D46DE8}") = "Solution Items", "Solution Items", "{00B0BC4C-A57D-4820-AA35-490F3585DE83}"
	ProjectSection(SolutionItems) = preProject
		watch.sql = watch.sql
	EndProjectSection
EndProject
Global
	GlobalSection(SolutionConfigurationPlatforms) = preSolution
		Debug|Any CPU = Debug|Any CPU
		Release|Any CPU = Release|Any CPU
	EndGlobalSection
	GlobalSection(ProjectConfigurationPlatforms) = postSolution
		{34907FF5-BCB7-4493-BC46-533E9DADCBB1}.Debug|Any CPU.ActiveCfg = Debug|Any CPU
		{34907FF5-BCB7-4493-BC46-533E9DADCBB1}.Debug|Any CPU.Build.0 = Debug|Any CPU
		{34907FF5-BCB7-4493-BC46-533E9DADCBB1}.Release|Any CPU.ActiveCfg = Release|Any CPU
		{34907FF5-BCB7-4493-BC46-533E9DADCBB1}.Release|Any CPU.Build.0 = Release|Any CPU
		{B48BD485-09D5-4990-9E8A-C2C5E69EF799}.Debug|Any CPU.ActiveCfg = Debug|Any CPU
		{B48BD485-09D5-4990-9E8A-C2C5E69EF799}.Debug|Any CPU.Build.0 = Debug|Any CPU
		{B48BD485-09D5-4990-9E8A-C2C5E69EF799}.Release|Any CPU.ActiveCfg = Release|Any CPU
		{B48BD485-09D5-4990-9E8A-C2C5E69EF799}.Release|Any CPU.Build.0 = Release|Any CPU
	EndGlobalSection
	GlobalSection(SolutionProperties) = preSolution
		HideSolutionNode = FALSE
	EndGlobalSection
	GlobalSection(ExtensibilityGlobals) = postSolution
		SolutionGuid = {0BB95507-35DB-49A7-8FFB-F937F2A18848}
	EndGlobalSection
EndGlobal
